
Microsoft Visual Studio Solution File, Format Version 12.00
# Visual Studio Version 16
VisualStudioVersion = 16.0.29609.76
MinimumVisualStudioVersion = 10.0.40219.1
Project("{9A19103F-16F7-4668-BE54-9A1E7A4F7556}") = "RetrospectiveDataApi", "RetrospectiveDataApi\RetrospectiveDataApi.csproj", "{27A135F9-CF31-48C0-B6E9-5CBD94E8D900}"
EndProject
Project("{FAE04EC0-301F-11D3-BF4B-00C04F79EFBC}") = "RetrospectiveDataApi.Tests", "RetrospectiveDataApi.Tests\RetrospectiveDataApi.Tests.csproj", "{379A074B-6A8D-46A1-B863-855582EB9F3C}"
EndProject
Global
	GlobalSection(SolutionConfigurationPlatforms) = preSolution
		Debug|Any CPU = Debug|Any CPU
		Release|Any CPU = Release|Any CPU
	EndGlobalSection
	GlobalSection(ProjectConfigurationPlatforms) = postSolution
		{27A135F9-CF31-48C0-B6E9-5CBD94E8D900}.Debug|Any CPU.ActiveCfg = Debug|Any CPU
		{27A135F9-CF31-48C0-B6E9-5CBD94E8D900}.Debug|Any CPU.Build.0 = Debug|Any CPU
		{27A135F9-CF31-48C0-B6E9-5CBD94E8D900}.Release|Any CPU.ActiveCfg = Release|Any CPU
		{27A135F9-CF31-48C0-B6E9-5CBD94E8D900}.Release|Any CPU.Build.0 = Release|Any CPU
		{379A074B-6A8D-46A1-B863-855582EB9F3C}.Debug|Any CPU.ActiveCfg = Debug|Any CPU
		{379A074B-6A8D-46A1-B863-855582EB9F3C}.Debug|Any CPU.Build.0 = Debug|Any CPU
		{379A074B-6A8D-46A1-B863-855582EB9F3C}.Release|Any CPU.ActiveCfg = Release|Any CPU
		{379A074B-6A8D-46A1-B863-855582EB9F3C}.Release|Any CPU.Build.0 = Release|Any CPU
	EndGlobalSection
	GlobalSection(SolutionProperties) = preSolution
		HideSolutionNode = FALSE
	EndGlobalSection
	GlobalSection(ExtensibilityGlobals) = postSolution
		SolutionGuid = {34E79483-9553-4543-A96E-AE2DC05F840C}
	EndGlobalSection
EndGlobal
